
Microsoft Visual Studio Solution File, Format Version 12.00
# Visual Studio 15
VisualStudioVersion = 15.0.28307.271
MinimumVisualStudioVersion = 10.0.40219.1
Project("{FAE04EC0-301F-11D3-BF4B-00C04F79EFBC}") = "TestClient", "TestClient\TestClient.csproj", "{7461B1A0-D405-4547-9BEA-971FE93C8A37}"
EndProject
Project("{FAE04EC0-301F-11D3-BF4B-00C04F79EFBC}") = "UpdateSystem", "UpdateSystem\UpdateSystem.csproj", "{1306CEAC-171C-41E4-907F-864D9866B362}"
EndProject
Global
	GlobalSection(SolutionConfigurationPlatforms) = preSolution
		Debug|Any CPU = Debug|Any CPU
		Release|Any CPU = Release|Any CPU
	EndGlobalSection
	GlobalSection(ProjectConfigurationPlatforms) = postSolution
		{7461B1A0-D405-4547-9BEA-971FE93C8A37}.Debug|Any CPU.ActiveCfg = Debug|Any CPU
		{7461B1A0-D405-4547-9BEA-971FE93C8A37}.Debug|Any CPU.Build.0 = Debug|Any CPU
		{7461B1A0-D405-4547-9BEA-971FE93C8A37}.Release|Any CPU.ActiveCfg = Release|Any CPU
		{7461B1A0-D405-4547-9BEA-971FE93C8A37}.Release|Any CPU.Build.0 = Release|Any CPU
		{1306CEAC-171C-41E4-907F-864D9866B362}.Debug|Any CPU.ActiveCfg = Debug|Any CPU
		{1306CEAC-171C-41E4-907F-864D9866B362}.Debug|Any CPU.Build.0 = Debug|Any CPU
		{1306CEAC-171C-41E4-907F-864D9866B362}.Release|Any CPU.ActiveCfg = Release|Any CPU
		{1306CEAC-171C-41E4-907F-864D9866B362}.Release|Any CPU.Build.0 = Release|Any CPU
	EndGlobalSection
	GlobalSection(SolutionProperties) = preSolution
		HideSolutionNode = FALSE
	EndGlobalSection
	GlobalSection(ExtensibilityGlobals) = postSolution
		SolutionGuid = {5B330EB8-2C62-4E36-B546-36E2303A177F}
	EndGlobalSection
EndGlobal
